// !$*UTF8*$!
{
	archiveVersion = 1;
	classes = {
	};
	objectVersion = 46;
	objects = {

/* Begin PBXBuildFile section */
		4A56BB4A1934F5CE007C4A52 /* Foundation.framework in Frameworks */ = {isa = PBXBuildFile; fileRef = 4A56BB491934F5CE007C4A52 /* Foundation.framework */; };
		4A56BB4C1934F5CE007C4A52 /* CoreGraphics.framework in Frameworks */ = {isa = PBXBuildFile; fileRef = 4A56BB4B1934F5CE007C4A52 /* CoreGraphics.framework */; };
		4A56BB4E1934F5CE007C4A52 /* UIKit.framework in Frameworks */ = {isa = PBXBuildFile; fileRef = 4A56BB4D1934F5CE007C4A52 /* UIKit.framework */; };
		4A56BB501934F5CE007C4A52 /* CoreData.framework in Frameworks */ = {isa = PBXBuildFile; fileRef = 4A56BB4F1934F5CE007C4A52 /* CoreData.framework */; };
		4A56BB681934F5CE007C4A52 /* XCTest.framework in Frameworks */ = {isa = PBXBuildFile; fileRef = 4A56BB671934F5CE007C4A52 /* XCTest.framework */; };
		4A56BB691934F5CE007C4A52 /* Foundation.framework in Frameworks */ = {isa = PBXBuildFile; fileRef = 4A56BB491934F5CE007C4A52 /* Foundation.framework */; };
		4A56BB6A1934F5CE007C4A52 /* UIKit.framework in Frameworks */ = {isa = PBXBuildFile; fileRef = 4A56BB4D1934F5CE007C4A52 /* UIKit.framework */; };
		4A56BB6B1934F5CE007C4A52 /* CoreData.framework in Frameworks */ = {isa = PBXBuildFile; fileRef = 4A56BB4F1934F5CE007C4A52 /* CoreData.framework */; };
		4A56BB731934F5CE007C4A52 /* InfoPlist.strings in Resources */ = {isa = PBXBuildFile; fileRef = 4A56BB711934F5CE007C4A52 /* InfoPlist.strings */; };
		4A56BB751934F5CE007C4A52 /* DogSpaceTests.m in Sources */ = {isa = PBXBuildFile; fileRef = 4A56BB741934F5CE007C4A52 /* DogSpaceTests.m */; };
		4A56BB8B1934F7ED007C4A52 /* DogSpaceAppDelegate.m in Sources */ = {isa = PBXBuildFile; fileRef = 4A56BB801934F7EC007C4A52 /* DogSpaceAppDelegate.m */; };
		4A56BB8C1934F7ED007C4A52 /* DogSpace.xcdatamodeld in Sources */ = {isa = PBXBuildFile; fileRef = 4A56BB831934F7EC007C4A52 /* DogSpace.xcdatamodeld */; };
		4A56BB8D1934F7ED007C4A52 /* main.m in Sources */ = {isa = PBXBuildFile; fileRef = 4A56BB851934F7ED007C4A52 /* main.m */; };
		4A56BB8E1934F7ED007C4A52 /* DogSpace-Info.plist in Resources */ = {isa = PBXBuildFile; fileRef = 4A56BB871934F7ED007C4A52 /* DogSpace-Info.plist */; };
		4A56BB8F1934F7ED007C4A52 /* InfoPlist.strings in Resources */ = {isa = PBXBuildFile; fileRef = 4A56BB881934F7ED007C4A52 /* InfoPlist.strings */; };
		4A56BB901934F7ED007C4A52 /* Images.xcassets in Resources */ = {isa = PBXBuildFile; fileRef = 4A56BB8A1934F7ED007C4A52 /* Images.xcassets */; };
		4A56BB9419350141007C4A52 /* DoggyFinderViewController.m in Sources */ = {isa = PBXBuildFile; fileRef = 4A56BB9319350141007C4A52 /* DoggyFinderViewController.m */; };
		A7963024EFAB68603B689C0B /* Dog.m in Sources */ = {isa = PBXBuildFile; fileRef = A7963A5497BF0F52ED9118F5 /* Dog.m */; };
		A796303C677F169683B69193 /* UIView+ViewAdditions.m in Sources */ = {isa = PBXBuildFile; fileRef = A79638B5286D82141219844C /* UIView+ViewAdditions.m */; };
		A7963183245B0EED0FC2C270 /* doggy-placeholder@2x.png in Resources */ = {isa = PBXBuildFile; fileRef = A7963A9A17FBDC7440C7A564 /* doggy-placeholder@2x.png */; };
		A796342D0DBDC33DBDC56FA6 /* DoggyFinderListTableViewCell.m in Sources */ = {isa = PBXBuildFile; fileRef = A7963683B071A61D8956ABB0 /* DoggyFinderListTableViewCell.m */; };
		A796350C2E14895552134BB8 /* nav-bar-background.png in Resources */ = {isa = PBXBuildFile; fileRef = A796374FD9B459F0E0BC286F /* nav-bar-background.png */; };
		A796383B2F05C1BEA464E5B9 /* BaseUIViewController.m in Sources */ = {isa = PBXBuildFile; fileRef = A79636184B3ECA093CCAD79C /* BaseUIViewController.m */; };
		A796389083C38D9727F87F90 /* DogDetailViewController.m in Sources */ = {isa = PBXBuildFile; fileRef = A7963CA0D6C6C9B4065607F4 /* DogDetailViewController.m */; };
		A7963A09EB8AFAACEBEAF0D6 /* accessory-arrow.png in Resources */ = {isa = PBXBuildFile; fileRef = A79633594CAA962017B747E1 /* accessory-arrow.png */; };
		A7963BBCAED1809E5C0979AD /* accessory-arrow@2x.png in Resources */ = {isa = PBXBuildFile; fileRef = A79637D8D6C2EFFC268A5930 /* accessory-arrow@2x.png */; };
		A7963D3CA116804B939BC5BB /* Localizable.strings in Resources */ = {isa = PBXBuildFile; fileRef = A79631371ED29E3EB3B627C8 /* Localizable.strings */; };
		A7963DADDA069C69D8741D6C /* doggy-placeholder.png in Resources */ = {isa = PBXBuildFile; fileRef = A79631977988A500C7058058 /* doggy-placeholder.png */; };
/* End PBXBuildFile section */

/* Begin PBXContainerItemProxy section */
		4A56BB6C1934F5CE007C4A52 /* PBXContainerItemProxy */ = {
			isa = PBXContainerItemProxy;
			containerPortal = 4A56BB3E1934F5CE007C4A52 /* Project object */;
			proxyType = 1;
			remoteGlobalIDString = 4A56BB451934F5CE007C4A52;
			remoteInfo = DogSpace;
		};
/* End PBXContainerItemProxy section */

/* Begin PBXFileReference section */
		4A56BB461934F5CE007C4A52 /* DogSpace.app */ = {isa = PBXFileReference; explicitFileType = wrapper.application; includeInIndex = 0; path = DogSpace.app; sourceTree = BUILT_PRODUCTS_DIR; };
		4A56BB491934F5CE007C4A52 /* Foundation.framework */ = {isa = PBXFileReference; lastKnownFileType = wrapper.framework; name = Foundation.framework; path = System/Library/Frameworks/Foundation.framework; sourceTree = SDKROOT; };
		4A56BB4B1934F5CE007C4A52 /* CoreGraphics.framework */ = {isa = PBXFileReference; lastKnownFileType = wrapper.framework; name = CoreGraphics.framework; path = System/Library/Frameworks/CoreGraphics.framework; sourceTree = SDKROOT; };
		4A56BB4D1934F5CE007C4A52 /* UIKit.framework */ = {isa = PBXFileReference; lastKnownFileType = wrapper.framework; name = UIKit.framework; path = System/Library/Frameworks/UIKit.framework; sourceTree = SDKROOT; };
		4A56BB4F1934F5CE007C4A52 /* CoreData.framework */ = {isa = PBXFileReference; lastKnownFileType = wrapper.framework; name = CoreData.framework; path = System/Library/Frameworks/CoreData.framework; sourceTree = SDKROOT; };
		4A56BB661934F5CE007C4A52 /* DogSpaceTests.xctest */ = {isa = PBXFileReference; explicitFileType = wrapper.cfbundle; includeInIndex = 0; path = DogSpaceTests.xctest; sourceTree = BUILT_PRODUCTS_DIR; };
		4A56BB671934F5CE007C4A52 /* XCTest.framework */ = {isa = PBXFileReference; lastKnownFileType = wrapper.framework; name = XCTest.framework; path = Library/Frameworks/XCTest.framework; sourceTree = DEVELOPER_DIR; };
		4A56BB701934F5CE007C4A52 /* DogSpaceTests-Info.plist */ = {isa = PBXFileReference; lastKnownFileType = text.plist.xml; path = "DogSpaceTests-Info.plist"; sourceTree = "<group>"; };
		4A56BB721934F5CE007C4A52 /* en */ = {isa = PBXFileReference; lastKnownFileType = text.plist.strings; name = en; path = en.lproj/InfoPlist.strings; sourceTree = "<group>"; };
		4A56BB741934F5CE007C4A52 /* DogSpaceTests.m */ = {isa = PBXFileReference; lastKnownFileType = sourcecode.c.objc; path = DogSpaceTests.m; sourceTree = "<group>"; };
		4A56BB7F1934F7EC007C4A52 /* DogSpaceAppDelegate.h */ = {isa = PBXFileReference; fileEncoding = 4; lastKnownFileType = sourcecode.c.h; path = DogSpaceAppDelegate.h; sourceTree = "<group>"; };
		4A56BB801934F7EC007C4A52 /* DogSpaceAppDelegate.m */ = {isa = PBXFileReference; fileEncoding = 4; lastKnownFileType = sourcecode.c.objc; path = DogSpaceAppDelegate.m; sourceTree = "<group>"; };
		4A56BB821934F7EC007C4A52 /* DogSpace-Prefix.pch */ = {isa = PBXFileReference; fileEncoding = 4; lastKnownFileType = sourcecode.c.h; path = "DogSpace-Prefix.pch"; sourceTree = "<group>"; };
		4A56BB841934F7ED007C4A52 /* DogSpace.xcdatamodel */ = {isa = PBXFileReference; lastKnownFileType = wrapper.xcdatamodel; path = DogSpace.xcdatamodel; sourceTree = "<group>"; };
		4A56BB851934F7ED007C4A52 /* main.m */ = {isa = PBXFileReference; fileEncoding = 4; lastKnownFileType = sourcecode.c.objc; path = main.m; sourceTree = "<group>"; };
		4A56BB871934F7ED007C4A52 /* DogSpace-Info.plist */ = {isa = PBXFileReference; fileEncoding = 4; lastKnownFileType = text.plist.xml; path = "DogSpace-Info.plist"; sourceTree = "<group>"; };
		4A56BB891934F7ED007C4A52 /* en */ = {isa = PBXFileReference; lastKnownFileType = text.plist.strings; name = en; path = en.lproj/InfoPlist.strings; sourceTree = "<group>"; };
		4A56BB8A1934F7ED007C4A52 /* Images.xcassets */ = {isa = PBXFileReference; lastKnownFileType = folder.assetcatalog; path = Images.xcassets; sourceTree = "<group>"; };
		4A56BB9219350141007C4A52 /* DoggyFinderViewController.h */ = {isa = PBXFileReference; fileEncoding = 4; lastKnownFileType = sourcecode.c.h; path = DoggyFinderViewController.h; sourceTree = "<group>"; };
		4A56BB9319350141007C4A52 /* DoggyFinderViewController.m */ = {isa = PBXFileReference; fileEncoding = 4; lastKnownFileType = sourcecode.c.objc; path = DoggyFinderViewController.m; sourceTree = "<group>"; };
		A79630A50DB9650B1629B4CF /* UIView+ViewAdditions.h */ = {isa = PBXFileReference; fileEncoding = 4; lastKnownFileType = sourcecode.c.h; path = "UIView+ViewAdditions.h"; sourceTree = "<group>"; };
		A79631371ED29E3EB3B627C8 /* Localizable.strings */ = {isa = PBXFileReference; fileEncoding = 4; lastKnownFileType = text.plist.strings; path = Localizable.strings; sourceTree = "<group>"; };
		A79631977988A500C7058058 /* doggy-placeholder.png */ = {isa = PBXFileReference; lastKnownFileType = image.png; path = "doggy-placeholder.png"; sourceTree = "<group>"; };
		A796323C276A4C8A73FC3FDC /* DogDetailViewController.h */ = {isa = PBXFileReference; fileEncoding = 4; lastKnownFileType = sourcecode.c.h; path = DogDetailViewController.h; sourceTree = "<group>"; };
		A79633594CAA962017B747E1 /* accessory-arrow.png */ = {isa = PBXFileReference; lastKnownFileType = image.png; path = "accessory-arrow.png"; sourceTree = "<group>"; };
		A796349A58F7DB670452C9D5 /* DoggyFinderListTableViewCell.h */ = {isa = PBXFileReference; fileEncoding = 4; lastKnownFileType = sourcecode.c.h; path = DoggyFinderListTableViewCell.h; sourceTree = "<group>"; };
		A79634BBC3309D98B47706BE /* Dog.h */ = {isa = PBXFileReference; fileEncoding = 4; lastKnownFileType = sourcecode.c.h; path = Dog.h; sourceTree = "<group>"; };
		A79636184B3ECA093CCAD79C /* BaseUIViewController.m */ = {isa = PBXFileReference; fileEncoding = 4; lastKnownFileType = sourcecode.c.objc; path = BaseUIViewController.m; sourceTree = "<group>"; };
		A7963683B071A61D8956ABB0 /* DoggyFinderListTableViewCell.m */ = {isa = PBXFileReference; fileEncoding = 4; lastKnownFileType = sourcecode.c.objc; path = DoggyFinderListTableViewCell.m; sourceTree = "<group>"; };
		A796374FD9B459F0E0BC286F /* nav-bar-background.png */ = {isa = PBXFileReference; lastKnownFileType = image.png; path = "nav-bar-background.png"; sourceTree = "<group>"; };
		A79637D8D6C2EFFC268A5930 /* accessory-arrow@2x.png */ = {isa = PBXFileReference; lastKnownFileType = image.png; path = "accessory-arrow@2x.png"; sourceTree = "<group>"; };
		A79638B5286D82141219844C /* UIView+ViewAdditions.m */ = {isa = PBXFileReference; fileEncoding = 4; lastKnownFileType = sourcecode.c.objc; path = "UIView+ViewAdditions.m"; sourceTree = "<group>"; };
		A7963A5497BF0F52ED9118F5 /* Dog.m */ = {isa = PBXFileReference; fileEncoding = 4; lastKnownFileType = sourcecode.c.objc; path = Dog.m; sourceTree = "<group>"; };
		A7963A9A17FBDC7440C7A564 /* doggy-placeholder@2x.png */ = {isa = PBXFileReference; lastKnownFileType = image.png; path = "doggy-placeholder@2x.png"; sourceTree = "<group>"; };
		A7963CA0D6C6C9B4065607F4 /* DogDetailViewController.m */ = {isa = PBXFileReference; fileEncoding = 4; lastKnownFileType = sourcecode.c.objc; path = DogDetailViewController.m; sourceTree = "<group>"; };
		A7963CCA0E37CF15CBF87F60 /* BaseUIViewController.h */ = {isa = PBXFileReference; fileEncoding = 4; lastKnownFileType = sourcecode.c.h; path = BaseUIViewController.h; sourceTree = "<group>"; };
/* End PBXFileReference section */

/* Begin PBXFrameworksBuildPhase section */
		4A56BB431934F5CE007C4A52 /* Frameworks */ = {
			isa = PBXFrameworksBuildPhase;
			buildActionMask = 2147483647;
			files = (
				4A56BB4C1934F5CE007C4A52 /* CoreGraphics.framework in Frameworks */,
				4A56BB501934F5CE007C4A52 /* CoreData.framework in Frameworks */,
				4A56BB4E1934F5CE007C4A52 /* UIKit.framework in Frameworks */,
				4A56BB4A1934F5CE007C4A52 /* Foundation.framework in Frameworks */,
			);
			runOnlyForDeploymentPostprocessing = 0;
		};
		4A56BB631934F5CE007C4A52 /* Frameworks */ = {
			isa = PBXFrameworksBuildPhase;
			buildActionMask = 2147483647;
			files = (
				4A56BB681934F5CE007C4A52 /* XCTest.framework in Frameworks */,
				4A56BB6B1934F5CE007C4A52 /* CoreData.framework in Frameworks */,
				4A56BB6A1934F5CE007C4A52 /* UIKit.framework in Frameworks */,
				4A56BB691934F5CE007C4A52 /* Foundation.framework in Frameworks */,
			);
			runOnlyForDeploymentPostprocessing = 0;
		};
/* End PBXFrameworksBuildPhase section */

/* Begin PBXGroup section */
		4A56BB3D1934F5CE007C4A52 = {
			isa = PBXGroup;
			children = (
				4A56BB511934F5CE007C4A52 /* DogSpace */,
				4A56BB6E1934F5CE007C4A52 /* DogSpaceTests */,
				4A56BB481934F5CE007C4A52 /* Frameworks */,
				4A56BB471934F5CE007C4A52 /* Products */,
			);
			sourceTree = "<group>";
		};
		4A56BB471934F5CE007C4A52 /* Products */ = {
			isa = PBXGroup;
			children = (
				4A56BB461934F5CE007C4A52 /* DogSpace.app */,
				4A56BB661934F5CE007C4A52 /* DogSpaceTests.xctest */,
			);
			name = Products;
			sourceTree = "<group>";
		};
		4A56BB481934F5CE007C4A52 /* Frameworks */ = {
			isa = PBXGroup;
			children = (
				4A56BB491934F5CE007C4A52 /* Foundation.framework */,
				4A56BB4B1934F5CE007C4A52 /* CoreGraphics.framework */,
				4A56BB4D1934F5CE007C4A52 /* UIKit.framework */,
				4A56BB4F1934F5CE007C4A52 /* CoreData.framework */,
				4A56BB671934F5CE007C4A52 /* XCTest.framework */,
			);
			name = Frameworks;
			sourceTree = "<group>";
		};
		4A56BB511934F5CE007C4A52 /* DogSpace */ = {
			isa = PBXGroup;
			children = (
				4A56BB9119350026007C4A52 /* Controllers */,
				4A56BB7E1934F7EC007C4A52 /* Classes */,
				4A56BB811934F7EC007C4A52 /* Other Sources */,
				4A56BB861934F7ED007C4A52 /* Resources */,
			);
			path = DogSpace;
			sourceTree = "<group>";
		};
		4A56BB6E1934F5CE007C4A52 /* DogSpaceTests */ = {
			isa = PBXGroup;
			children = (
				4A56BB741934F5CE007C4A52 /* DogSpaceTests.m */,
				4A56BB6F1934F5CE007C4A52 /* Supporting Files */,
			);
			path = DogSpaceTests;
			sourceTree = "<group>";
		};
		4A56BB6F1934F5CE007C4A52 /* Supporting Files */ = {
			isa = PBXGroup;
			children = (
				4A56BB701934F5CE007C4A52 /* DogSpaceTests-Info.plist */,
				4A56BB711934F5CE007C4A52 /* InfoPlist.strings */,
			);
			name = "Supporting Files";
			sourceTree = "<group>";
		};
		4A56BB7E1934F7EC007C4A52 /* Classes */ = {
			isa = PBXGroup;
			children = (
				4A56BB7F1934F7EC007C4A52 /* DogSpaceAppDelegate.h */,
				4A56BB801934F7EC007C4A52 /* DogSpaceAppDelegate.m */,
				A7963683B071A61D8956ABB0 /* DoggyFinderListTableViewCell.m */,
				A796349A58F7DB670452C9D5 /* DoggyFinderListTableViewCell.h */,
				A7963A5497BF0F52ED9118F5 /* Dog.m */,
				A79634BBC3309D98B47706BE /* Dog.h */,
			);
			path = Classes;
			sourceTree = "<group>";
		};
		4A56BB811934F7EC007C4A52 /* Other Sources */ = {
			isa = PBXGroup;
			children = (
				4A56BB821934F7EC007C4A52 /* DogSpace-Prefix.pch */,
				4A56BB831934F7EC007C4A52 /* DogSpace.xcdatamodeld */,
				4A56BB851934F7ED007C4A52 /* main.m */,
				A79638B5286D82141219844C /* UIView+ViewAdditions.m */,
				A79630A50DB9650B1629B4CF /* UIView+ViewAdditions.h */,
			);
			path = "Other Sources";
			sourceTree = "<group>";
		};
		4A56BB861934F7ED007C4A52 /* Resources */ = {
			isa = PBXGroup;
			children = (
				4A56BB871934F7ED007C4A52 /* DogSpace-Info.plist */,
				4A56BB881934F7ED007C4A52 /* InfoPlist.strings */,
				4A56BB8A1934F7ED007C4A52 /* Images.xcassets */,
				A7963A647CC1D99FE09C9AC5 /* Images */,
				A79631371ED29E3EB3B627C8 /* Localizable.strings */,
			);
			path = Resources;
			sourceTree = "<group>";
		};
		4A56BB9119350026007C4A52 /* Controllers */ = {
			isa = PBXGroup;
			children = (
				4A56BB9219350141007C4A52 /* DoggyFinderViewController.h */,
				4A56BB9319350141007C4A52 /* DoggyFinderViewController.m */,
				A7963CA0D6C6C9B4065607F4 /* DogDetailViewController.m */,
				A796323C276A4C8A73FC3FDC /* DogDetailViewController.h */,
				A79636184B3ECA093CCAD79C /* BaseUIViewController.m */,
				A7963CCA0E37CF15CBF87F60 /* BaseUIViewController.h */,
			);
			path = Controllers;
			sourceTree = "<group>";
		};
		A7963A647CC1D99FE09C9AC5 /* Images */ = {
			isa = PBXGroup;
			children = (
				A79633594CAA962017B747E1 /* accessory-arrow.png */,
				A79637D8D6C2EFFC268A5930 /* accessory-arrow@2x.png */,
				A796374FD9B459F0E0BC286F /* nav-bar-background.png */,
				A79631977988A500C7058058 /* doggy-placeholder.png */,
				A7963A9A17FBDC7440C7A564 /* doggy-placeholder@2x.png */,
			);
			path = Images;
			sourceTree = "<group>";
		};
/* End PBXGroup section */

/* Begin PBXNativeTarget section */
		4A56BB451934F5CE007C4A52 /* DogSpace */ = {
			isa = PBXNativeTarget;
			buildConfigurationList = 4A56BB781934F5CE007C4A52 /* Build configuration list for PBXNativeTarget "DogSpace" */;
			buildPhases = (
				4A56BB421934F5CE007C4A52 /* Sources */,
				4A56BB431934F5CE007C4A52 /* Frameworks */,
				4A56BB441934F5CE007C4A52 /* Resources */,
			);
			buildRules = (
			);
			dependencies = (
			);
			name = DogSpace;
			productName = DogSpace;
			productReference = 4A56BB461934F5CE007C4A52 /* DogSpace.app */;
			productType = "com.apple.product-type.application";
		};
		4A56BB651934F5CE007C4A52 /* DogSpaceTests */ = {
			isa = PBXNativeTarget;
			buildConfigurationList = 4A56BB7B1934F5CE007C4A52 /* Build configuration list for PBXNativeTarget "DogSpaceTests" */;
			buildPhases = (
				4A56BB621934F5CE007C4A52 /* Sources */,
				4A56BB631934F5CE007C4A52 /* Frameworks */,
				4A56BB641934F5CE007C4A52 /* Resources */,
			);
			buildRules = (
			);
			dependencies = (
				4A56BB6D1934F5CE007C4A52 /* PBXTargetDependency */,
			);
			name = DogSpaceTests;
			productName = DogSpaceTests;
			productReference = 4A56BB661934F5CE007C4A52 /* DogSpaceTests.xctest */;
			productType = "com.apple.product-type.bundle.unit-test";
		};
/* End PBXNativeTarget section */

/* Begin PBXProject section */
		4A56BB3E1934F5CE007C4A52 /* Project object */ = {
			isa = PBXProject;
			attributes = {
				LastUpgradeCheck = 0510;
				ORGANIZATIONNAME = BamBamProd;
				TargetAttributes = {
					4A56BB651934F5CE007C4A52 = {
						TestTargetID = 4A56BB451934F5CE007C4A52;
					};
				};
			};
			buildConfigurationList = 4A56BB411934F5CE007C4A52 /* Build configuration list for PBXProject "DogSpace" */;
			compatibilityVersion = "Xcode 3.2";
			developmentRegion = English;
			hasScannedForEncodings = 0;
			knownRegions = (
				en,
			);
			mainGroup = 4A56BB3D1934F5CE007C4A52;
			productRefGroup = 4A56BB471934F5CE007C4A52 /* Products */;
			projectDirPath = "";
			projectRoot = "";
			targets = (
				4A56BB451934F5CE007C4A52 /* DogSpace */,
				4A56BB651934F5CE007C4A52 /* DogSpaceTests */,
			);
		};
/* End PBXProject section */

/* Begin PBXResourcesBuildPhase section */
		4A56BB441934F5CE007C4A52 /* Resources */ = {
			isa = PBXResourcesBuildPhase;
			buildActionMask = 2147483647;
			files = (
				4A56BB901934F7ED007C4A52 /* Images.xcassets in Resources */,
				4A56BB8E1934F7ED007C4A52 /* DogSpace-Info.plist in Resources */,
				4A56BB8F1934F7ED007C4A52 /* InfoPlist.strings in Resources */,
				A7963A09EB8AFAACEBEAF0D6 /* accessory-arrow.png in Resources */,
				A7963BBCAED1809E5C0979AD /* accessory-arrow@2x.png in Resources */,
				A796350C2E14895552134BB8 /* nav-bar-background.png in Resources */,
				A7963DADDA069C69D8741D6C /* doggy-placeholder.png in Resources */,
				A7963183245B0EED0FC2C270 /* doggy-placeholder@2x.png in Resources */,
				A7963D3CA116804B939BC5BB /* Localizable.strings in Resources */,
			);
			runOnlyForDeploymentPostprocessing = 0;
		};
		4A56BB641934F5CE007C4A52 /* Resources */ = {
			isa = PBXResourcesBuildPhase;
			buildActionMask = 2147483647;
			files = (
				4A56BB731934F5CE007C4A52 /* InfoPlist.strings in Resources */,
			);
			runOnlyForDeploymentPostprocessing = 0;
		};
/* End PBXResourcesBuildPhase section */

/* Begin PBXSourcesBuildPhase section */
		4A56BB421934F5CE007C4A52 /* Sources */ = {
			isa = PBXSourcesBuildPhase;
			buildActionMask = 2147483647;
			files = (
				4A56BB8B1934F7ED007C4A52 /* DogSpaceAppDelegate.m in Sources */,
				4A56BB8C1934F7ED007C4A52 /* DogSpace.xcdatamodeld in Sources */,
				4A56BB8D1934F7ED007C4A52 /* main.m in Sources */,
				4A56BB9419350141007C4A52 /* DoggyFinderViewController.m in Sources */,
				A796342D0DBDC33DBDC56FA6 /* DoggyFinderListTableViewCell.m in Sources */,
				A7963024EFAB68603B689C0B /* Dog.m in Sources */,
				A796303C677F169683B69193 /* UIView+ViewAdditions.m in Sources */,
				A796389083C38D9727F87F90 /* DogDetailViewController.m in Sources */,
				A796383B2F05C1BEA464E5B9 /* BaseUIViewController.m in Sources */,
			);
			runOnlyForDeploymentPostprocessing = 0;
		};
		4A56BB621934F5CE007C4A52 /* Sources */ = {
			isa = PBXSourcesBuildPhase;
			buildActionMask = 2147483647;
			files = (
				4A56BB751934F5CE007C4A52 /* DogSpaceTests.m in Sources */,
			);
			runOnlyForDeploymentPostprocessing = 0;
		};
/* End PBXSourcesBuildPhase section */

/* Begin PBXTargetDependency section */
		4A56BB6D1934F5CE007C4A52 /* PBXTargetDependency */ = {
			isa = PBXTargetDependency;
			target = 4A56BB451934F5CE007C4A52 /* DogSpace */;
			targetProxy = 4A56BB6C1934F5CE007C4A52 /* PBXContainerItemProxy */;
		};
/* End PBXTargetDependency section */

/* Begin PBXVariantGroup section */
		4A56BB711934F5CE007C4A52 /* InfoPlist.strings */ = {
			isa = PBXVariantGroup;
			children = (
				4A56BB721934F5CE007C4A52 /* en */,
			);
			name = InfoPlist.strings;
			sourceTree = "<group>";
		};
		4A56BB881934F7ED007C4A52 /* InfoPlist.strings */ = {
			isa = PBXVariantGroup;
			children = (
				4A56BB891934F7ED007C4A52 /* en */,
			);
			name = InfoPlist.strings;
			sourceTree = "<group>";
		};
/* End PBXVariantGroup section */

/* Begin XCBuildConfiguration section */
		4A56BB761934F5CE007C4A52 /* Debug */ = {
			isa = XCBuildConfiguration;
			buildSettings = {
				ALWAYS_SEARCH_USER_PATHS = NO;
				CLANG_CXX_LANGUAGE_STANDARD = "gnu++0x";
				CLANG_CXX_LIBRARY = "libc++";
				CLANG_ENABLE_MODULES = YES;
				CLANG_ENABLE_OBJC_ARC = YES;
				CLANG_WARN_BOOL_CONVERSION = YES;
				CLANG_WARN_CONSTANT_CONVERSION = YES;
				CLANG_WARN_DIRECT_OBJC_ISA_USAGE = YES_ERROR;
				CLANG_WARN_EMPTY_BODY = YES;
				CLANG_WARN_ENUM_CONVERSION = YES;
				CLANG_WARN_INT_CONVERSION = YES;
				CLANG_WARN_OBJC_ROOT_CLASS = YES_ERROR;
				CLANG_WARN__DUPLICATE_METHOD_MATCH = YES;
				"CODE_SIGN_IDENTITY[sdk=iphoneos*]" = "iPhone Developer";
				COPY_PHASE_STRIP = NO;
				GCC_C_LANGUAGE_STANDARD = gnu99;
				GCC_DYNAMIC_NO_PIC = NO;
				GCC_OPTIMIZATION_LEVEL = 0;
				GCC_PREPROCESSOR_DEFINITIONS = (
					"DEBUG=1",
					"$(inherited)",
				);
				GCC_SYMBOLS_PRIVATE_EXTERN = NO;
				GCC_WARN_64_TO_32_BIT_CONVERSION = YES;
				GCC_WARN_ABOUT_RETURN_TYPE = YES_ERROR;
				GCC_WARN_UNDECLARED_SELECTOR = YES;
				GCC_WARN_UNINITIALIZED_AUTOS = YES_AGGRESSIVE;
				GCC_WARN_UNUSED_FUNCTION = YES;
				GCC_WARN_UNUSED_VARIABLE = YES;
				IPHONEOS_DEPLOYMENT_TARGET = 7.1;
				ONLY_ACTIVE_ARCH = YES;
				SDKROOT = iphoneos;
			};
			name = Debug;
		};
		4A56BB771934F5CE007C4A52 /* Release */ = {
			isa = XCBuildConfiguration;
			buildSettings = {
				ALWAYS_SEARCH_USER_PATHS = NO;
				CLANG_CXX_LANGUAGE_STANDARD = "gnu++0x";
				CLANG_CXX_LIBRARY = "libc++";
				CLANG_ENABLE_MODULES = YES;
				CLANG_ENABLE_OBJC_ARC = YES;
				CLANG_WARN_BOOL_CONVERSION = YES;
				CLANG_WARN_CONSTANT_CONVERSION = YES;
				CLANG_WARN_DIRECT_OBJC_ISA_USAGE = YES_ERROR;
				CLANG_WARN_EMPTY_BODY = YES;
				CLANG_WARN_ENUM_CONVERSION = YES;
				CLANG_WARN_INT_CONVERSION = YES;
				CLANG_WARN_OBJC_ROOT_CLASS = YES_ERROR;
				CLANG_WARN__DUPLICATE_METHOD_MATCH = YES;
				"CODE_SIGN_IDENTITY[sdk=iphoneos*]" = "iPhone Developer";
				COPY_PHASE_STRIP = YES;
				ENABLE_NS_ASSERTIONS = NO;
				GCC_C_LANGUAGE_STANDARD = gnu99;
				GCC_WARN_64_TO_32_BIT_CONVERSION = YES;
				GCC_WARN_ABOUT_RETURN_TYPE = YES_ERROR;
				GCC_WARN_UNDECLARED_SELECTOR = YES;
				GCC_WARN_UNINITIALIZED_AUTOS = YES_AGGRESSIVE;
				GCC_WARN_UNUSED_FUNCTION = YES;
				GCC_WARN_UNUSED_VARIABLE = YES;
				IPHONEOS_DEPLOYMENT_TARGET = 7.1;
				SDKROOT = iphoneos;
				VALIDATE_PRODUCT = YES;
			};
			name = Release;
		};
		4A56BB791934F5CE007C4A52 /* Debug */ = {
			isa = XCBuildConfiguration;
			buildSettings = {
				ASSETCATALOG_COMPILER_APPICON_NAME = AppIcon;
				ASSETCATALOG_COMPILER_LAUNCHIMAGE_NAME = LaunchImage;
				GCC_PRECOMPILE_PREFIX_HEADER = YES;
				GCC_PREFIX_HEADER = "DogSpace/Other Sources/DogSpace-Prefix.pch";
				INFOPLIST_FILE = "$(SRCROOT)/DogSpace/Resources/DogSpace-Info.plist";
				PRECOMPS_INCLUDE_HEADERS_FROM_BUILT_PRODUCTS_DIR = YES;
				PRODUCT_NAME = "$(TARGET_NAME)";
				WRAPPER_EXTENSION = app;
			};
			name = Debug;
		};
		4A56BB7A1934F5CE007C4A52 /* Release */ = {
			isa = XCBuildConfiguration;
			buildSettings = {
				ASSETCATALOG_COMPILER_APPICON_NAME = AppIcon;
				ASSETCATALOG_COMPILER_LAUNCHIMAGE_NAME = LaunchImage;
				GCC_PRECOMPILE_PREFIX_HEADER = YES;
				GCC_PREFIX_HEADER = "DogSpace/Other Sources/DogSpace-Prefix.pch";
				INFOPLIST_FILE = "$(SRCROOT)/DogSpace/Resources/DogSpace-Info.plist";
				PRECOMPS_INCLUDE_HEADERS_FROM_BUILT_PRODUCTS_DIR = YES;
				PRODUCT_NAME = "$(TARGET_NAME)";
				WRAPPER_EXTENSION = app;
			};
			name = Release;
		};
		4A56BB7C1934F5CE007C4A52 /* Debug */ = {
			isa = XCBuildConfiguration;
			buildSettings = {
				BUNDLE_LOADER = "$(BUILT_PRODUCTS_DIR)/DogSpace.app/DogSpace";
				FRAMEWORK_SEARCH_PATHS = (
					"$(SDKROOT)/Developer/Library/Frameworks",
					"$(inherited)",
					"$(DEVELOPER_FRAMEWORKS_DIR)",
				);
				GCC_PRECOMPILE_PREFIX_HEADER = YES;
				GCC_PREFIX_HEADER = "DogSpace/DogSpace-Prefix.pch";
				GCC_PREPROCESSOR_DEFINITIONS = (
					"DEBUG=1",
					"$(inherited)",
				);
				INFOPLIST_FILE = "DogSpaceTests/DogSpaceTests-Info.plist";
				PRODUCT_NAME = "$(TARGET_NAME)";
				TEST_HOST = "$(BUNDLE_LOADER)";
				WRAPPER_EXTENSION = xctest;
			};
			name = Debug;
		};
		4A56BB7D1934F5CE007C4A52 /* Release */ = {
			isa = XCBuildConfiguration;
			buildSettings = {
				BUNDLE_LOADER = "$(BUILT_PRODUCTS_DIR)/DogSpace.app/DogSpace";
				FRAMEWORK_SEARCH_PATHS = (
					"$(SDKROOT)/Developer/Library/Frameworks",
					"$(inherited)",
					"$(DEVELOPER_FRAMEWORKS_DIR)",
				);
				GCC_PRECOMPILE_PREFIX_HEADER = YES;
				GCC_PREFIX_HEADER = "DogSpace/DogSpace-Prefix.pch";
				INFOPLIST_FILE = "DogSpaceTests/DogSpaceTests-Info.plist";
				PRODUCT_NAME = "$(TARGET_NAME)";
				TEST_HOST = "$(BUNDLE_LOADER)";
				WRAPPER_EXTENSION = xctest;
			};
			name = Release;
		};
/* End XCBuildConfiguration section */

/* Begin XCConfigurationList section */
		4A56BB411934F5CE007C4A52 /* Build configuration list for PBXProject "DogSpace" */ = {
			isa = XCConfigurationList;
			buildConfigurations = (
				4A56BB761934F5CE007C4A52 /* Debug */,
				4A56BB771934F5CE007C4A52 /* Release */,
			);
			defaultConfigurationIsVisible = 0;
			defaultConfigurationName = Release;
		};
		4A56BB781934F5CE007C4A52 /* Build configuration list for PBXNativeTarget "DogSpace" */ = {
			isa = XCConfigurationList;
			buildConfigurations = (
				4A56BB791934F5CE007C4A52 /* Debug */,
				4A56BB7A1934F5CE007C4A52 /* Release */,
			);
			defaultConfigurationIsVisible = 0;
		};
		4A56BB7B1934F5CE007C4A52 /* Build configuration list for PBXNativeTarget "DogSpaceTests" */ = {
			isa = XCConfigurationList;
			buildConfigurations = (
				4A56BB7C1934F5CE007C4A52 /* Debug */,
				4A56BB7D1934F5CE007C4A52 /* Release */,
			);
			defaultConfigurationIsVisible = 0;
		};
/* End XCConfigurationList section */

/* Begin XCVersionGroup section */
		4A56BB831934F7EC007C4A52 /* DogSpace.xcdatamodeld */ = {
			isa = XCVersionGroup;
			children = (
				4A56BB841934F7ED007C4A52 /* DogSpace.xcdatamodel */,
			);
			currentVersion = 4A56BB841934F7ED007C4A52 /* DogSpace.xcdatamodel */;
			path = DogSpace.xcdatamodeld;
			sourceTree = "<group>";
			versionGroupType = wrapper.xcdatamodel;
		};
/* End XCVersionGroup section */
	};
	rootObject = 4A56BB3E1934F5CE007C4A52 /* Project object */;
}
